
Microsoft Visual Studio Solution File, Format Version 12.00
# Visual Studio Version 17
VisualStudioVersion = 17.5.33516.290
MinimumVisualStudioVersion = 10.0.40219.1
Project("{FAE04EC0-301F-11D3-BF4B-00C04F79EFBC}") = "ExtensionMethod1", "ExtensionMethod1\ExtensionMethod1.csproj", "{21FABC42-628A-4082-B675-B7ED68455B1A}"
EndProject
Global
	GlobalSection(SolutionConfigurationPlatforms) = preSolution
		Debug|Any CPU = Debug|Any CPU
		Release|Any CPU = Release|Any CPU
	EndGlobalSection
	GlobalSection(ProjectConfigurationPlatforms) = postSolution
		{21FABC42-628A-4082-B675-B7ED68455B1A}.Debug|Any CPU.ActiveCfg = Debug|Any CPU
		{21FABC42-628A-4082-B675-B7ED68455B1A}.Debug|Any CPU.Build.0 = Debug|Any CPU
		{21FABC42-628A-4082-B675-B7ED68455B1A}.Release|Any CPU.ActiveCfg = Release|Any CPU
		{21FABC42-628A-4082-B675-B7ED68455B1A}.Release|Any CPU.Build.0 = Release|Any CPU
	EndGlobalSection
	GlobalSection(SolutionProperties) = preSolution
		HideSolutionNode = FALSE
	EndGlobalSection
	GlobalSection(ExtensibilityGlobals) = postSolution
		SolutionGuid = {1F7083E3-0C29-4FCB-A566-566015D2841B}
	EndGlobalSection
EndGlobal
